
Microsoft Visual Studio Solution File, Format Version 12.00
# Visual Studio Version 16
VisualStudioVersion = 16.0.32002.261
MinimumVisualStudioVersion = 10.0.40219.1
Project("{FAE04EC0-301F-11D3-BF4B-00C04F79EFBC}") = "Project_game1", "Project_game1\Project_game1.csproj", "{32786202-9195-400D-8006-B2E65CB750C6}"
EndProject
Global
	GlobalSection(SolutionConfigurationPlatforms) = preSolution
		Debug|Any CPU = Debug|Any CPU
		Release|Any CPU = Release|Any CPU
	EndGlobalSection
	GlobalSection(ProjectConfigurationPlatforms) = postSolution
		{32786202-9195-400D-8006-B2E65CB750C6}.Debug|Any CPU.ActiveCfg = Debug|Any CPU
		{32786202-9195-400D-8006-B2E65CB750C6}.Debug|Any CPU.Build.0 = Debug|Any CPU
		{32786202-9195-400D-8006-B2E65CB750C6}.Release|Any CPU.ActiveCfg = Release|Any CPU
		{32786202-9195-400D-8006-B2E65CB750C6}.Release|Any CPU.Build.0 = Release|Any CPU
	EndGlobalSection
	GlobalSection(SolutionProperties) = preSolution
		HideSolutionNode = FALSE
	EndGlobalSection
	GlobalSection(ExtensibilityGlobals) = postSolution
		SolutionGuid = {DD0AD213-3D43-4BC0-90A1-4808AB03DAE8}
	EndGlobalSection
EndGlobal
